{
    "_meta": {
        "hash": {
            "sha256": "dcdb8ffc6d9b9ff34dcb2809ceba640e18632354b848e438abedd4002c981486"
        },
        "pipfile-spec": 6,
        "requires": {
            "python_version": "2.7"
        },
        "sources": [
            {
                "name": "pypi",
                "url": "https://pypi.org/simple",
                "verify_ssl": true
            }
        ]
    },
    "default": {
        "beautifulsoup4": {
            "hashes": [
                "sha256:2c264254f6cfce64c3bd9d48885208093a73b9095645f600de0a277ce01ea0e5",
                "sha256:82a253245aed9875f141dd98a7462572bca93d064cf3117bd33de4b61ee18e68",
                "sha256:87d4013d0625d4789a4f56b8d79a04d5ce6db1152bb65f1d39744f7709a366b4"
            ],
            "index": "pypi",
            "version": "==4.4.1"
        },
        "flask": {
            "hashes": [
                "sha256:4c83829ff83d408b5e1d4995472265411d2c414112298f2eb4b359d9e4563373"
            ],
            "index": "pypi",
            "version": "==0.10.1"
        },
        "itsdangerous": {
            "hashes": [
                "sha256:321b033d07f2a4136d3ec762eac9f16a10ccd60f53c0c91af90217ace7ba1f19",
                "sha256:b12271b2047cb23eeb98c8b5622e2e5c5e9abd9784a153e9d8ef9cb4dd09d749"
            ],
            "markers": "python_version >= '2.7' and python_version not in '3.0, 3.1, 3.2, 3.3'",
            "version": "==1.1.0"
        },
        "jinja2": {
            "hashes": [
                "sha256:89aab215427ef59c34ad58735269eb58b1a5808103067f7bb9d5836c651b3bb0",
                "sha256:f0a4641d3cf955324a89c04f3d94663aa4d638abe8f733ecd3582848e1c37035"
            ],
            "markers": "python_version >= '2.7' and python_version not in '3.0, 3.1, 3.2, 3.3, 3.4'",
            "version": "==2.11.2"
        },
        "markupsafe": {
            "hashes": [
                "sha256:00bc623926325b26bb9605ae9eae8a215691f33cae5df11ca5424f06f2d1f473",
                "sha256:09027a7803a62ca78792ad89403b1b7a73a01c8cb65909cd876f7fcebd79b161",
                "sha256:09c4b7f37d6c648cb13f9230d847adf22f8171b1ccc4d5682398e77f40309235",
                "sha256:1027c282dad077d0bae18be6794e6b6b8c91d58ed8a8d89a89d59693b9131db5",
                "sha256:13d3144e1e340870b25e7b10b98d779608c02016d5184cfb9927a9f10c689f42",
                "sha256:24982cc2533820871eba85ba648cd53d8623687ff11cbb805be4ff7b4c971aff",
                "sha256:29872e92839765e546828bb7754a68c418d927cd064fd4708fab9fe9c8bb116b",
                "sha256:43a55c2930bbc139570ac2452adf3d70cdbb3cfe5912c71cdce1c2c6bbd9c5d1",
                "sha256:46c99d2de99945ec5cb54f23c8cd5689f6d7177305ebff350a58ce5f8de1669e",
                "sha256:500d4957e52ddc3351cabf489e79c91c17f6e0899158447047588650b5e69183",
                "sha256:535f6fc4d397c1563d08b88e485c3496cf5784e927af890fb3c3aac7f933ec66",
                "sha256:596510de112c685489095da617b5bcbbac7dd6384aeebeda4df6025d0256a81b",
                "sha256:62fe6c95e3ec8a7fad637b7f3d372c15ec1caa01ab47926cfdf7a75b40e0eac1",
                "sha256:6788b695d50a51edb699cb55e35487e430fa21f1ed838122d722e0ff0ac5ba15",
                "sha256:6dd73240d2af64df90aa7c4e7481e23825ea70af4b4922f8ede5b9e35f78a3b1",
                "sha256:717ba8fe3ae9cc0006d7c451f0bb265ee07739daf76355d06366154ee68d221e",
                "sha256:79855e1c5b8da654cf486b830bd42c06e8780cea587384cf6545b7d9ac013a0b",
                "sha256:7c1699dfe0cf8ff607dbdcc1e9b9af1755371f92a68f706051cc8c37d447c905",
                "sha256:88e5fcfb52ee7b911e8bb6d6aa2fd21fbecc674eadd44118a9cc3863f938e735",
                "sha256:8defac2f2ccd6805ebf65f5eeb132adcf2ab57aa11fdf4c0dd5169a004710e7d",
                "sha256:98c7086708b163d425c67c7a91bad6e466bb99d797aa64f965e9d25c12111a5e",
                "sha256:9add70b36c5666a2ed02b43b335fe19002ee5235efd4b8a89bfcf9005bebac0d",
                "sha256:9bf40443012702a1d2070043cb6291650a0841ece432556f784f004937f0f32c",
                "sha256:ade5e387d2ad0d7ebf59146cc00c8044acbd863725f887353a10df825fc8ae21",
                "sha256:b00c1de48212e4cc9603895652c5c410df699856a2853135b3967591e4beebc2",
                "sha256:b1282f8c00509d99fef04d8ba936b156d419be841854fe901d8ae224c59f0be5",
                "sha256:b2051432115498d3562c084a49bba65d97cf251f5a331c64a12ee7e04dacc51b",
                "sha256:ba59edeaa2fc6114428f1637ffff42da1e311e29382d81b339c1817d37ec93c6",
                "sha256:c8716a48d94b06bb3b2524c2b77e055fb313aeb4ea620c8dd03a105574ba704f",
                "sha256:cd5df75523866410809ca100dc9681e301e3c27567cf498077e8551b6d20e42f",
                "sha256:cdb132fc825c38e1aeec2c8aa9338310d29d337bebbd7baa06889d09a60a1fa2",
                "sha256:e249096428b3ae81b08327a63a485ad0878de3fb939049038579ac0ef61e17e7",
                "sha256:e8313f01ba26fbbe36c7be1966a7b7424942f670f38e666995b88d012765b9be"
            ],
            "markers": "python_version >= '2.7' and python_version not in '3.0, 3.1, 3.2, 3.3'",
            "version": "==1.1.1"
        },
        "passlib": {
            "hashes": [
                "sha256:a83d34f53dc9b17aa42c9a35c3fbcc5120f3fcb07f7f8721ec45e6a27be347fc",
                "sha256:ad631a58dc8abeb0f48016c13f4b3b0f3a7b1045a8cb3c61dd15e2d95b45c472"
            ],
            "index": "pypi",
            "version": "==1.6.5"
        },
        "pymongo": {
            "hashes": [
                "sha256:0093b91240b45f69bf1ea645185d31a96ae6532040d405018422d16bd5e62626",
                "sha256:0355c52c3b58246841a226881c9c07a0f98dea8f44c9480eb91a599cf4ea47df",
                "sha256:06aa0ef467c2f1e1f32557b656f2cc3fda6e2ab689ac0ceff820b9d680e1484c",
                "sha256:0c650b54c7c57ad843d59a94919565eb3c3c0d605da1d1fef1e5f033dd3ab525",
                "sha256:12d6e3695c610ba4c23ac2d0d514dc1641bbb0db3a691ceba79134b8bbd86121",
                "sha256:14d23f364f4bb8ab027222f36edccc998ec2e1ed356f4ae2a47b9ab44df38f98",
                "sha256:196a58e13f222a3d47cb812c41f1013308323ee3ae42c81ed0d1dfe26b287ea1",
                "sha256:1c527cea4fcf7405e083b63a0d592a62cc91a75d6b9b9fa1c90b5584aa0eae5e",
                "sha256:266871ed2726ba7cb13d1de1ad63ead2f36ebe5a22e51d9a4334fd3c43c98a25",
                "sha256:3c6b2317f8031bc1e200fd1ea35f00a96f4569e3f3f220a5e66ab6227d96ccaf",
                "sha256:3df13341df4016b8a09c55f15810edb452cdd67a1a3688e22d09e75f9e0cb1c5",
                "sha256:410a62f3be04882f04ec201c49059808a339a55507eefbff4c917d662ef34ca9",
                "sha256:4590e2b6398e7ff620f6e56b12dd87fc21b023b96cc687cc75353cc998bdc5bd",
                "sha256:4ac6b67f4ba00334f26fc09cf40a6f66a91e18cd8e91a8a898c769da534662c2",
                "sha256:4c3eea6f9c5ec96ef5da0aa69fd2cb2de8eabe7ba664182c0ec62656ab75c181",
                "sha256:4d6f5564269ad64dbbe07d146bfed9c69ff3d38de4b79af522df52dc2d025fb4",
                "sha256:50902a6d472069aba9ab19006a911f4437e7373769a150207685a7c1bcb08886",
                "sha256:5328f337633874de928efb92749105ddd142ed9fc32e042a62f24916c6eff021",
                "sha256:544d8fc9faf1b749b1db6a861f148530fff326769198892d3dad81c0b329f267",
                "sha256:5cb0542e6d1b1c0ed1fc5103c7ea8029827c982a5b9f673ac5808fd0bed9dda6",
                "sha256:6a3df68ea539788773cfda11dd5f63741d39d15ed7138453dc15960dcdc91a6e",
                "sha256:6b281f2c047d3b30a7f4a1e5967725c8db2988fb2df21eb0f7602a531dd088f1",
                "sha256:6cd1dfcf1bc341908f8f9676d38a90654dab0220be84d3712f3d2ad7ace88787",
                "sha256:72b4e67813e946e0397e616d754380ace8406c20f46685beadbc49ee42395b1e",
                "sha256:73b2e32aabe0ddaca47fc737fc9e0acbc4a3d8e1c18c35addb94b122f6936753",
                "sha256:7af7beeeb254f42eab8e634ef4628c5f95e23dd5e8d02e390b05bbbe58c99e48",
                "sha256:7b85c44281ecfb45f13a3f479a66c80a62fd8917504dbd07d02440825db6e50c",
                "sha256:7f2d5e1d90ec5762e4398fe803b4dc27381645701d0e36be7a564fd315fbfed3",
                "sha256:86a1b4c718503c3ee0e35b5055b6feaab3f4810920f261339e57356b349645f3",
                "sha256:8ffa47106788f1c3249eb86303fb7d829f3760530f7d10620cef6285c13d3c75",
                "sha256:addddf65a199e9d81a39b7fd6b9894e98d68c456a19c28d27944f47784c9bbea",
                "sha256:b71c31e51c3f99cec020b8cd90e8f5cbcc6a42db695d38cebe1c9bf5cb194021",
                "sha256:b7dda0e7e047bac59742ecc972cf3b229dcc4d95c8913336febc0b9df1eacac1",
                "sha256:b7f8fbc14281f9aa65a967f1ecbdd04a5beb0320fe6e6780ab1b670087b70f8c",
                "sha256:b8cee1dde031ddb67cceb79f314ae9ca6dded20af3b73bad2f1de1590b61ee1f",
                "sha256:bb3cde7a2f7fa69d2b08aed2b7601a348529492a871289420caa850a9a02d54b",
                "sha256:bd9568a772e61bb43abd05f2e88f82d73f6fa51f9d42cf8e40c63446f5308211",
                "sha256:bd9cac9968d9c79e9c23fea61e2e7766e5d1a93b12610a30c493c8d98f6fcaa7",
                "sha256:c79e54a800b51c831cd4da51da1c7daa009530f06df4cce400a91016efb085d0",
                "sha256:ccc378925b143c1e2bf1442239cef78a2fa060bbf5f514d114037b4917e92921",
                "sha256:cee83649a66c6fba4136d1acb34cfe878b4b8b83e0744785b121695d323ffd2b",
                "sha256:d3b5aefe035711ddf89e311dd2f06bec6d49bbc97d066bfa470cb33128771c18",
                "sha256:d924b64880be29cf421857409d35e8f6cfe6b3e870dacc6f7d37a3a36e41d802",
                "sha256:dc26942a1e18afffe6a9fd0e77d8c606119afa6fee37beacc027a86b1574ed8f",
                "sha256:f119d2b20dc705f7fecf772ee772bb2667b458777d4aa058ca4de1ecf90614b0",
                "sha256:f31ad9dd6eaa5c156dc1bb7851caf592cff7a9e3d94f9805f2998aaaca2a9cd6",
                "sha256:f500c8da510b07c90f42490e3c78ea693dddf87bc8fb42d3acaa5ab7ecf12572",
                "sha256:f5c6263f49baf43141d610309be4514a1bf4aebdd80b8da4731160faf25a012f",
                "sha256:f71a374f98e2812a4f3fcaf74d5d22d9c6a064fb1740e1f0a72ac236af96118e"
            ],
            "index": "pypi",
            "version": "==3.0.3"
        },
        "requests": {
            "hashes": [
                "sha256:3a34af0dd06fed021286d93da464bbb76dcc0c709d02e7d3cdca195b1341c380",
                "sha256:b2f003589b60924909c0acde472590c5ea83906986a7a25b6f7929eb20923b7b"
            ],
            "index": "pypi",
            "version": "==2.8.0"
        },
        "werkzeug": {
            "hashes": [
                "sha256:2de2a5db0baeae7b2d2664949077c2ac63fbd16d98da0ff71837f7d1dea3fd43",
                "sha256:6c80b1e5ad3665290ea39320b91e1be1e0d5f60652b964a3070216de83d2e47c"
            ],
            "markers": "python_version >= '2.7' and python_version not in '3.0, 3.1, 3.2, 3.3, 3.4'",
            "version": "==1.0.1"
        }
    },
    "develop": {}
}
